{
  "name": "test-limbo",
  "lockfileVersion": 3,
  "requires": true,
  "packages": {
    "": {
      "name": "test-limbo",
      "dependencies": {
        "limbo-wasm": "file:../"
      }
    },
    "..": {
      "version": "0.0.11",
      "license": "MIT",
      "devDependencies": {
        "@playwright/test": "^1.49.1",
        "@vitest/ui": "^2.1.8",
        "happy-dom": "^16.3.0",
        "playwright": "^1.49.1",
        "vite": "^6.0.7",
        "vite-plugin-wasm": "^3.4.1",
        "vitest": "^2.1.8",
        "wasm-pack": "^0.13.1"
      }
    },
    "../dist": {
      "name": "limbo-wasm",
      "version": "0.0.11",
      "extraneous": true,
      "license": "MIT",
      "devDependencies": {
        "@playwright/test": "^1.49.1",
        "@vitest/ui": "^2.1.8",
        "happy-dom": "^16.3.0",
        "playwright": "^1.49.1",
        "vite": "^6.0.7",
        "vite-plugin-wasm": "^3.4.1",
        "vitest": "^2.1.8",
        "wasm-pack": "^0.13.1"
      }
    },
    "../limbo-wasm": {
      "extraneous": true
    },
    "node_modules/limbo-wasm": {
      "resolved": "..",
      "link": true
    }
  }
}
